
Microsoft Visual Studio Solution File, Format Version 12.00
# Visual Studio Version 17
VisualStudioVersion = 17.13.35919.96
MinimumVisualStudioVersion = 10.0.40219.1
Project("{FAE04EC0-301F-11D3-BF4B-00C04F79EFBC}") = "OhLivrosApp", "OhLivrosApp\OhLivrosApp.csproj", "{898F579B-D96E-44BC-A453-4BEDB4097115}"
EndProject
Global
	GlobalSection(SolutionConfigurationPlatforms) = preSolution
		Debug|Any CPU = Debug|Any CPU
		Release|Any CPU = Release|Any CPU
	EndGlobalSection
	GlobalSection(ProjectConfigurationPlatforms) = postSolution
		{898F579B-D96E-44BC-A453-4BEDB4097115}.Debug|Any CPU.ActiveCfg = Debug|Any CPU
		{898F579B-D96E-44BC-A453-4BEDB4097115}.Debug|Any CPU.Build.0 = Debug|Any CPU
		{898F579B-D96E-44BC-A453-4BEDB4097115}.Release|Any CPU.ActiveCfg = Release|Any CPU
		{898F579B-D96E-44BC-A453-4BEDB4097115}.Release|Any CPU.Build.0 = Release|Any CPU
	EndGlobalSection
	GlobalSection(SolutionProperties) = preSolution
		HideSolutionNode = FALSE
	EndGlobalSection
	GlobalSection(ExtensibilityGlobals) = postSolution
		SolutionGuid = {21577AEC-F783-4649-9FA5-0BD9989AFDE1}
	EndGlobalSection
EndGlobal
